// !$*UTF8*$!
{
	archiveVersion = 1;
	classes = {
	};
	objectVersion = 46;
	objects = {

/* Begin PBXBuildFile section */
		8D576314048677EA00EA77CD /* CoreFoundation.framework in Frameworks */ = {isa = PBXBuildFile; fileRef = 0AA1909FFE8422F4C02AAC07 /* CoreFoundation.framework */; };
		8D5B49A804867FD3000E48DA /* InfoPlist.strings in Resources */ = {isa = PBXBuildFile; fileRef = 8D5B49A704867FD3000E48DA /* InfoPlist.strings */; };
		D6ACBEA2117B7D5600F6691C /* TotalTerminalInjector.mm in Sources */ = {isa = PBXBuildFile; fileRef = D6ACBE9E117B7D5600F6691C /* TotalTerminalInjector.mm */; };
		D6ACBEA3117B7D5600F6691C /* TTStandardVersionComparator.m in Sources */ = {isa = PBXBuildFile; fileRef = D6ACBEA0117B7D5600F6691C /* TTStandardVersionComparator.m */; };
		D6ACBEA5117B7D6100F6691C /* TotalTerminalInjector.sdef in Resources */ = {isa = PBXBuildFile; fileRef = D6ACBEA4117B7D6100F6691C /* TotalTerminalInjector.sdef */; };
/* End PBXBuildFile section */

/* Begin PBXFileReference section */
		089C167EFE841241C02AAC07 /* English */ = {isa = PBXFileReference; fileEncoding = 4; lastKnownFileType = text.plist.strings; name = English; path = English.lproj/InfoPlist.strings; sourceTree = "<group>"; };
		0AA1909FFE8422F4C02AAC07 /* CoreFoundation.framework */ = {isa = PBXFileReference; lastKnownFileType = wrapper.framework; name = CoreFoundation.framework; path = /System/Library/Frameworks/CoreFoundation.framework; sourceTree = "<absolute>"; };
		8D576316048677EA00EA77CD /* TotalTerminal.xaso */ = {isa = PBXFileReference; explicitFileType = wrapper.cfbundle; includeInIndex = 0; path = TotalTerminal.xaso; sourceTree = BUILT_PRODUCTS_DIR; };
		8D576317048677EA00EA77CD /* TotalTerminal-Info.plist */ = {isa = PBXFileReference; fileEncoding = 4; lastKnownFileType = text.plist.xml; path = "TotalTerminal-Info.plist"; sourceTree = "<group>"; };
		D619108C1959C75400BA335F /* OSAX_Debug_TotalTerminal.xcconfig */ = {isa = PBXFileReference; fileEncoding = 4; lastKnownFileType = text.xcconfig; name = OSAX_Debug_TotalTerminal.xcconfig; path = OSAX.xcconfigs/OSAX_Debug_TotalTerminal.xcconfig; sourceTree = "<group>"; };
		D619108D1959C75400BA335F /* OSAX_Release_TotalTerminal.xcconfig */ = {isa = PBXFileReference; fileEncoding = 4; lastKnownFileType = text.xcconfig; name = OSAX_Release_TotalTerminal.xcconfig; path = OSAX.xcconfigs/OSAX_Release_TotalTerminal.xcconfig; sourceTree = "<group>"; };
		D6ACBE9E117B7D5600F6691C /* TotalTerminalInjector.mm */ = {isa = PBXFileReference; fileEncoding = 4; lastKnownFileType = sourcecode.cpp.objcpp; path = TotalTerminalInjector.mm; sourceTree = "<group>"; };
		D6ACBE9F117B7D5600F6691C /* TTVersionComparisonProtocol.h */ = {isa = PBXFileReference; fileEncoding = 4; lastKnownFileType = sourcecode.c.h; path = TTVersionComparisonProtocol.h; sourceTree = "<group>"; };
		D6ACBEA0117B7D5600F6691C /* TTStandardVersionComparator.m */ = {isa = PBXFileReference; fileEncoding = 4; lastKnownFileType = sourcecode.c.objc; path = TTStandardVersionComparator.m; sourceTree = "<group>"; };
		D6ACBEA1117B7D5600F6691C /* TTStandardVersionComparator.h */ = {isa = PBXFileReference; fileEncoding = 4; lastKnownFileType = sourcecode.c.h; path = TTStandardVersionComparator.h; sourceTree = "<group>"; };
		D6ACBEA4117B7D6100F6691C /* TotalTerminalInjector.sdef */ = {isa = PBXFileReference; fileEncoding = 4; lastKnownFileType = text.xml; path = TotalTerminalInjector.sdef; sourceTree = "<group>"; };
/* End PBXFileReference section */

/* Begin PBXFrameworksBuildPhase section */
		8D576313048677EA00EA77CD /* Frameworks */ = {
			isa = PBXFrameworksBuildPhase;
			buildActionMask = 2147483647;
			files = (
				8D576314048677EA00EA77CD /* CoreFoundation.framework in Frameworks */,
			);
			runOnlyForDeploymentPostprocessing = 0;
		};
/* End PBXFrameworksBuildPhase section */

/* Begin PBXGroup section */
		089C166AFE841209C02AAC07 /* OSAX */ = {
			isa = PBXGroup;
			children = (
				D60C69B8188A030400C0108B /* Configs */,
				08FB77AFFE84173DC02AAC07 /* Source */,
				089C167CFE841241C02AAC07 /* Resources */,
				089C1671FE841209C02AAC07 /* External Frameworks and Libraries */,
				19C28FB6FE9D52B211CA2CBB /* Products */,
			);
			indentWidth = 2;
			name = OSAX;
			sourceTree = "<group>";
			tabWidth = 2;
		};
		089C1671FE841209C02AAC07 /* External Frameworks and Libraries */ = {
			isa = PBXGroup;
			children = (
				0AA1909FFE8422F4C02AAC07 /* CoreFoundation.framework */,
			);
			name = "External Frameworks and Libraries";
			sourceTree = "<group>";
		};
		089C167CFE841241C02AAC07 /* Resources */ = {
			isa = PBXGroup;
			children = (
				D6ACBEA4117B7D6100F6691C /* TotalTerminalInjector.sdef */,
				8D576317048677EA00EA77CD /* TotalTerminal-Info.plist */,
				8D5B49A704867FD3000E48DA /* InfoPlist.strings */,
			);
			name = Resources;
			sourceTree = "<group>";
		};
		08FB77AFFE84173DC02AAC07 /* Source */ = {
			isa = PBXGroup;
			children = (
				D6ACBE9E117B7D5600F6691C /* TotalTerminalInjector.mm */,
				D6ACBE9F117B7D5600F6691C /* TTVersionComparisonProtocol.h */,
				D6ACBEA0117B7D5600F6691C /* TTStandardVersionComparator.m */,
				D6ACBEA1117B7D5600F6691C /* TTStandardVersionComparator.h */,
			);
			name = Source;
			sourceTree = "<group>";
		};
		19C28FB6FE9D52B211CA2CBB /* Products */ = {
			isa = PBXGroup;
			children = (
				8D576316048677EA00EA77CD /* TotalTerminal.xaso */,
			);
			name = Products;
			sourceTree = "<group>";
		};
		D60C69B8188A030400C0108B /* Configs */ = {
			isa = PBXGroup;
			children = (
				D619108C1959C75400BA335F /* OSAX_Debug_TotalTerminal.xcconfig */,
				D619108D1959C75400BA335F /* OSAX_Release_TotalTerminal.xcconfig */,
			);
			name = Configs;
			sourceTree = "<group>";
		};
/* End PBXGroup section */

/* Begin PBXNativeTarget section */
		8D57630D048677EA00EA77CD /* TotalTerminal */ = {
			isa = PBXNativeTarget;
			buildConfigurationList = 1DEB911A08733D790010E9CD /* Build configuration list for PBXNativeTarget "TotalTerminal" */;
			buildPhases = (
				8D57630F048677EA00EA77CD /* Resources */,
				8D576311048677EA00EA77CD /* Sources */,
				8D576313048677EA00EA77CD /* Frameworks */,
			);
			buildRules = (
			);
			dependencies = (
			);
			name = TotalTerminal;
			productInstallPath = "$(HOME)/Library/Bundles";
			productName = OSAX;
			productReference = 8D576316048677EA00EA77CD /* TotalTerminal.xaso */;
			productType = "com.apple.product-type.bundle";
		};
/* End PBXNativeTarget section */

/* Begin PBXProject section */
		089C1669FE841209C02AAC07 /* Project object */ = {
			isa = PBXProject;
			attributes = {
				BuildIndependentTargetsInParallel = YES;
				LastUpgradeCheck = 0610;
				ORGANIZATIONNAME = BinaryAge;
			};
			buildConfigurationList = 1DEB911E08733D790010E9CD /* Build configuration list for PBXProject "OSAX" */;
			compatibilityVersion = "Xcode 3.2";
			developmentRegion = English;
			hasScannedForEncodings = 1;
			knownRegions = (
				en,
			);
			mainGroup = 089C166AFE841209C02AAC07 /* OSAX */;
			projectDirPath = "";
			projectRoot = "";
			targets = (
				8D57630D048677EA00EA77CD /* TotalTerminal */,
			);
		};
/* End PBXProject section */

/* Begin PBXResourcesBuildPhase section */
		8D57630F048677EA00EA77CD /* Resources */ = {
			isa = PBXResourcesBuildPhase;
			buildActionMask = 2147483647;
			files = (
				8D5B49A804867FD3000E48DA /* InfoPlist.strings in Resources */,
				D6ACBEA5117B7D6100F6691C /* TotalTerminalInjector.sdef in Resources */,
			);
			runOnlyForDeploymentPostprocessing = 0;
		};
/* End PBXResourcesBuildPhase section */

/* Begin PBXSourcesBuildPhase section */
		8D576311048677EA00EA77CD /* Sources */ = {
			isa = PBXSourcesBuildPhase;
			buildActionMask = 2147483647;
			files = (
				D6ACBEA2117B7D5600F6691C /* TotalTerminalInjector.mm in Sources */,
				D6ACBEA3117B7D5600F6691C /* TTStandardVersionComparator.m in Sources */,
			);
			runOnlyForDeploymentPostprocessing = 0;
		};
/* End PBXSourcesBuildPhase section */

/* Begin PBXVariantGroup section */
		8D5B49A704867FD3000E48DA /* InfoPlist.strings */ = {
			isa = PBXVariantGroup;
			children = (
				089C167EFE841241C02AAC07 /* English */,
			);
			name = InfoPlist.strings;
			sourceTree = "<group>";
		};
/* End PBXVariantGroup section */

/* Begin XCBuildConfiguration section */
		1DEB911B08733D790010E9CD /* Debug */ = {
			isa = XCBuildConfiguration;
			baseConfigurationReference = D619108C1959C75400BA335F /* OSAX_Debug_TotalTerminal.xcconfig */;
			buildSettings = {
				WRAPPER_EXTENSION = xaso;
			};
			name = Debug;
		};
		1DEB911C08733D790010E9CD /* Release */ = {
			isa = XCBuildConfiguration;
			baseConfigurationReference = D619108D1959C75400BA335F /* OSAX_Release_TotalTerminal.xcconfig */;
			buildSettings = {
				WRAPPER_EXTENSION = xaso;
			};
			name = Release;
		};
		1DEB911F08733D790010E9CD /* Debug */ = {
			isa = XCBuildConfiguration;
			buildSettings = {
			};
			name = Debug;
		};
		1DEB912008733D790010E9CD /* Release */ = {
			isa = XCBuildConfiguration;
			buildSettings = {
			};
			name = Release;
		};
/* End XCBuildConfiguration section */

/* Begin XCConfigurationList section */
		1DEB911A08733D790010E9CD /* Build configuration list for PBXNativeTarget "TotalTerminal" */ = {
			isa = XCConfigurationList;
			buildConfigurations = (
				1DEB911B08733D790010E9CD /* Debug */,
				1DEB911C08733D790010E9CD /* Release */,
			);
			defaultConfigurationIsVisible = 0;
			defaultConfigurationName = Release;
		};
		1DEB911E08733D790010E9CD /* Build configuration list for PBXProject "OSAX" */ = {
			isa = XCConfigurationList;
			buildConfigurations = (
				1DEB911F08733D790010E9CD /* Debug */,
				1DEB912008733D790010E9CD /* Release */,
			);
			defaultConfigurationIsVisible = 0;
			defaultConfigurationName = Release;
		};
/* End XCConfigurationList section */
	};
	rootObject = 089C1669FE841209C02AAC07 /* Project object */;
}
